// !$*UTF8*$!
{
	archiveVersion = 1;
	classes = {
	};
	objectVersion = 48;
	objects = {

/* Begin PBXBuildFile section */
		321EC32020134CC60006D6EF /* LocationTests.swift in Sources */ = {isa = PBXBuildFile; fileRef = 321EC31F20134CC60006D6EF /* LocationTests.swift */; };
		321EC32220134D590006D6EF /* Location.swift in Sources */ = {isa = PBXBuildFile; fileRef = 321EC32120134D590006D6EF /* Location.swift */; };
		321EC3242013578F0006D6EF /* CLLocationCoordinate2D+Equatable.swift in Sources */ = {isa = PBXBuildFile; fileRef = 321EC3232013578F0006D6EF /* CLLocationCoordinate2D+Equatable.swift */; };
		321EC32620135BF00006D6EF /* CLLocationCoordinate2D+EquatableTests.swift in Sources */ = {isa = PBXBuildFile; fileRef = 321EC32520135BF00006D6EF /* CLLocationCoordinate2D+EquatableTests.swift */; };
		321EC3282013613A0006D6EF /* ItemManagerTests.swift in Sources */ = {isa = PBXBuildFile; fileRef = 321EC3272013613A0006D6EF /* ItemManagerTests.swift */; };
		321EC32A201362160006D6EF /* ItemManager.swift in Sources */ = {isa = PBXBuildFile; fileRef = 321EC329201362160006D6EF /* ItemManager.swift */; };
		32456B242015D2E70014C446 /* ItemListViewControllerTests.swift in Sources */ = {isa = PBXBuildFile; fileRef = 32456B232015D2E70014C446 /* ItemListViewControllerTests.swift */; };
		32456B262015D40A0014C446 /* ItemListViewController.swift in Sources */ = {isa = PBXBuildFile; fileRef = 32456B252015D40A0014C446 /* ItemListViewController.swift */; };
		3245B6542010861C0011DC18 /* AppDelegate.swift in Sources */ = {isa = PBXBuildFile; fileRef = 3245B6532010861C0011DC18 /* AppDelegate.swift */; };
		3245B6562010861C0011DC18 /* ViewController.swift in Sources */ = {isa = PBXBuildFile; fileRef = 3245B6552010861C0011DC18 /* ViewController.swift */; };
		3245B6592010861D0011DC18 /* Main.storyboard in Resources */ = {isa = PBXBuildFile; fileRef = 3245B6572010861D0011DC18 /* Main.storyboard */; };
		3245B65B2010861D0011DC18 /* Assets.xcassets in Resources */ = {isa = PBXBuildFile; fileRef = 3245B65A2010861D0011DC18 /* Assets.xcassets */; };
		3245B65E2010861D0011DC18 /* LaunchScreen.storyboard in Resources */ = {isa = PBXBuildFile; fileRef = 3245B65C2010861D0011DC18 /* LaunchScreen.storyboard */; };
		3245B6692010861D0011DC18 /* ToDoItemTests.swift in Sources */ = {isa = PBXBuildFile; fileRef = 3245B6682010861D0011DC18 /* ToDoItemTests.swift */; };
		3248B1A22021AB8B0098E0AF /* InputViewControllerTests.swift in Sources */ = {isa = PBXBuildFile; fileRef = 3248B1A12021AB8B0098E0AF /* InputViewControllerTests.swift */; };
		32490FD02021C07000A160C4 /* InputViewController.swift in Sources */ = {isa = PBXBuildFile; fileRef = 32490FCF2021C07000A160C4 /* InputViewController.swift */; };
		324AD984201262690090F7B9 /* ToDoItem.swift in Sources */ = {isa = PBXBuildFile; fileRef = 324AD983201262690090F7B9 /* ToDoItem.swift */; };
		3251522F2019BAF300935409 /* ItemListDataProvider.swift in Sources */ = {isa = PBXBuildFile; fileRef = 3251522E2019BAF300935409 /* ItemListDataProvider.swift */; };
		3256D348201A4C09008AD91C /* ItemListDataProviderTests.swift in Sources */ = {isa = PBXBuildFile; fileRef = 3256D347201A4C09008AD91C /* ItemListDataProviderTests.swift */; };
		32571EDD201F0CC1000B655F /* ItemCellTests.swift in Sources */ = {isa = PBXBuildFile; fileRef = 32571EDC201F0CC1000B655F /* ItemCellTests.swift */; };
		32A4366020204CC10048003D /* DetailViewControllerTests.swift in Sources */ = {isa = PBXBuildFile; fileRef = 32A4365F20204CC10048003D /* DetailViewControllerTests.swift */; };
		32A4366220204D780048003D /* DetailViewController.swift in Sources */ = {isa = PBXBuildFile; fileRef = 32A4366120204D780048003D /* DetailViewController.swift */; };
		32A43665202052C80048003D /* MapKit.framework in Frameworks */ = {isa = PBXBuildFile; fileRef = 32A43664202052C80048003D /* MapKit.framework */; };
		32D7C42D201C7E4000919722 /* ItemCell.swift in Sources */ = {isa = PBXBuildFile; fileRef = 32D7C42B201C7E4000919722 /* ItemCell.swift */; };
/* End PBXBuildFile section */

/* Begin PBXContainerItemProxy section */
		3245B6652010861D0011DC18 /* PBXContainerItemProxy */ = {
			isa = PBXContainerItemProxy;
			containerPortal = 3245B6482010861C0011DC18 /* Project object */;
			proxyType = 1;
			remoteGlobalIDString = 3245B64F2010861C0011DC18;
			remoteInfo = TDDToDo;
		};
/* End PBXContainerItemProxy section */

/* Begin PBXFileReference section */
		321EC31F20134CC60006D6EF /* LocationTests.swift */ = {isa = PBXFileReference; lastKnownFileType = sourcecode.swift; path = LocationTests.swift; sourceTree = "<group>"; };
		321EC32120134D590006D6EF /* Location.swift */ = {isa = PBXFileReference; lastKnownFileType = sourcecode.swift; path = Location.swift; sourceTree = "<group>"; };
		321EC3232013578F0006D6EF /* CLLocationCoordinate2D+Equatable.swift */ = {isa = PBXFileReference; lastKnownFileType = sourcecode.swift; path = "CLLocationCoordinate2D+Equatable.swift"; sourceTree = "<group>"; };
		321EC32520135BF00006D6EF /* CLLocationCoordinate2D+EquatableTests.swift */ = {isa = PBXFileReference; lastKnownFileType = sourcecode.swift; path = "CLLocationCoordinate2D+EquatableTests.swift"; sourceTree = "<group>"; };
		321EC3272013613A0006D6EF /* ItemManagerTests.swift */ = {isa = PBXFileReference; lastKnownFileType = sourcecode.swift; path = ItemManagerTests.swift; sourceTree = "<group>"; };
		321EC329201362160006D6EF /* ItemManager.swift */ = {isa = PBXFileReference; lastKnownFileType = sourcecode.swift; path = ItemManager.swift; sourceTree = "<group>"; };
		32456B232015D2E70014C446 /* ItemListViewControllerTests.swift */ = {isa = PBXFileReference; lastKnownFileType = sourcecode.swift; path = ItemListViewControllerTests.swift; sourceTree = "<group>"; };
		32456B252015D40A0014C446 /* ItemListViewController.swift */ = {isa = PBXFileReference; lastKnownFileType = sourcecode.swift; path = ItemListViewController.swift; sourceTree = "<group>"; };
		3245B6502010861C0011DC18 /* TDDToDo.app */ = {isa = PBXFileReference; explicitFileType = wrapper.application; includeInIndex = 0; path = TDDToDo.app; sourceTree = BUILT_PRODUCTS_DIR; };
		3245B6532010861C0011DC18 /* AppDelegate.swift */ = {isa = PBXFileReference; lastKnownFileType = sourcecode.swift; path = AppDelegate.swift; sourceTree = "<group>"; };
		3245B6552010861C0011DC18 /* ViewController.swift */ = {isa = PBXFileReference; lastKnownFileType = sourcecode.swift; path = ViewController.swift; sourceTree = "<group>"; };
		3245B6582010861D0011DC18 /* Base */ = {isa = PBXFileReference; lastKnownFileType = file.storyboard; name = Base; path = Base.lproj/Main.storyboard; sourceTree = "<group>"; };
		3245B65A2010861D0011DC18 /* Assets.xcassets */ = {isa = PBXFileReference; lastKnownFileType = folder.assetcatalog; path = Assets.xcassets; sourceTree = "<group>"; };
		3245B65D2010861D0011DC18 /* Base */ = {isa = PBXFileReference; lastKnownFileType = file.storyboard; name = Base; path = Base.lproj/LaunchScreen.storyboard; sourceTree = "<group>"; };
		3245B65F2010861D0011DC18 /* Info.plist */ = {isa = PBXFileReference; lastKnownFileType = text.plist.xml; path = Info.plist; sourceTree = "<group>"; };
		3245B6642010861D0011DC18 /* TDDToDoTests.xctest */ = {isa = PBXFileReference; explicitFileType = wrapper.cfbundle; includeInIndex = 0; path = TDDToDoTests.xctest; sourceTree = BUILT_PRODUCTS_DIR; };
		3245B6682010861D0011DC18 /* ToDoItemTests.swift */ = {isa = PBXFileReference; lastKnownFileType = sourcecode.swift; path = ToDoItemTests.swift; sourceTree = "<group>"; };
		3245B66A2010861D0011DC18 /* Info.plist */ = {isa = PBXFileReference; lastKnownFileType = text.plist.xml; path = Info.plist; sourceTree = "<group>"; };
		3248B1A12021AB8B0098E0AF /* InputViewControllerTests.swift */ = {isa = PBXFileReference; lastKnownFileType = sourcecode.swift; path = InputViewControllerTests.swift; sourceTree = "<group>"; };
		32490FCF2021C07000A160C4 /* InputViewController.swift */ = {isa = PBXFileReference; lastKnownFileType = sourcecode.swift; path = InputViewController.swift; sourceTree = "<group>"; };
		324AD983201262690090F7B9 /* ToDoItem.swift */ = {isa = PBXFileReference; lastKnownFileType = sourcecode.swift; path = ToDoItem.swift; sourceTree = "<group>"; };
		3251522E2019BAF300935409 /* ItemListDataProvider.swift */ = {isa = PBXFileReference; lastKnownFileType = sourcecode.swift; path = ItemListDataProvider.swift; sourceTree = "<group>"; };
		3256D347201A4C09008AD91C /* ItemListDataProviderTests.swift */ = {isa = PBXFileReference; lastKnownFileType = sourcecode.swift; path = ItemListDataProviderTests.swift; sourceTree = "<group>"; };
		32571EDC201F0CC1000B655F /* ItemCellTests.swift */ = {isa = PBXFileReference; lastKnownFileType = sourcecode.swift; name = ItemCellTests.swift; path = Controller/ItemCellTests.swift; sourceTree = "<group>"; };
		32A4365F20204CC10048003D /* DetailViewControllerTests.swift */ = {isa = PBXFileReference; lastKnownFileType = sourcecode.swift; path = DetailViewControllerTests.swift; sourceTree = "<group>"; };
		32A4366120204D780048003D /* DetailViewController.swift */ = {isa = PBXFileReference; lastKnownFileType = sourcecode.swift; path = DetailViewController.swift; sourceTree = "<group>"; };
		32A43664202052C80048003D /* MapKit.framework */ = {isa = PBXFileReference; lastKnownFileType = wrapper.framework; name = MapKit.framework; path = System/Library/Frameworks/MapKit.framework; sourceTree = SDKROOT; };
		32D7C42B201C7E4000919722 /* ItemCell.swift */ = {isa = PBXFileReference; lastKnownFileType = sourcecode.swift; path = ItemCell.swift; sourceTree = "<group>"; };
/* End PBXFileReference section */

/* Begin PBXFrameworksBuildPhase section */
		3245B64D2010861C0011DC18 /* Frameworks */ = {
			isa = PBXFrameworksBuildPhase;
			buildActionMask = 2147483647;
			files = (
				32A43665202052C80048003D /* MapKit.framework in Frameworks */,
			);
			runOnlyForDeploymentPostprocessing = 0;
		};
		3245B6612010861D0011DC18 /* Frameworks */ = {
			isa = PBXFrameworksBuildPhase;
			buildActionMask = 2147483647;
			files = (
			);
			runOnlyForDeploymentPostprocessing = 0;
		};
/* End PBXFrameworksBuildPhase section */

/* Begin PBXGroup section */
		32456B212015CF970014C446 /* Model */ = {
			isa = PBXGroup;
			children = (
				324AD983201262690090F7B9 /* ToDoItem.swift */,
				321EC32120134D590006D6EF /* Location.swift */,
				321EC329201362160006D6EF /* ItemManager.swift */,
				321EC3232013578F0006D6EF /* CLLocationCoordinate2D+Equatable.swift */,
			);
			path = Model;
			sourceTree = "<group>";
		};
		32456B222015CFAE0014C446 /* Model */ = {
			isa = PBXGroup;
			children = (
				3245B6682010861D0011DC18 /* ToDoItemTests.swift */,
				321EC31F20134CC60006D6EF /* LocationTests.swift */,
				321EC32520135BF00006D6EF /* CLLocationCoordinate2D+EquatableTests.swift */,
				321EC3272013613A0006D6EF /* ItemManagerTests.swift */,
			);
			path = Model;
			sourceTree = "<group>";
		};
		3245B6472010861C0011DC18 = {
			isa = PBXGroup;
			children = (
				3245B6522010861C0011DC18 /* TDDToDo */,
				3245B6672010861D0011DC18 /* TDDToDoTests */,
				3245B6512010861C0011DC18 /* Products */,
				32A43663202052C80048003D /* Frameworks */,
			);
			sourceTree = "<group>";
		};
		3245B6512010861C0011DC18 /* Products */ = {
			isa = PBXGroup;
			children = (
				3245B6502010861C0011DC18 /* TDDToDo.app */,
				3245B6642010861D0011DC18 /* TDDToDoTests.xctest */,
			);
			name = Products;
			sourceTree = "<group>";
		};
		3245B6522010861C0011DC18 /* TDDToDo */ = {
			isa = PBXGroup;
			children = (
				3245B6532010861C0011DC18 /* AppDelegate.swift */,
				3245B6552010861C0011DC18 /* ViewController.swift */,
				3245B6572010861D0011DC18 /* Main.storyboard */,
				3245B65A2010861D0011DC18 /* Assets.xcassets */,
				3245B65C2010861D0011DC18 /* LaunchScreen.storyboard */,
				3245B65F2010861D0011DC18 /* Info.plist */,
				32456B212015CF970014C446 /* Model */,
				32D7C429201C7E0900919722 /* Controller */,
			);
			path = TDDToDo;
			sourceTree = "<group>";
		};
		3245B6672010861D0011DC18 /* TDDToDoTests */ = {
			isa = PBXGroup;
			children = (
				32456B222015CFAE0014C446 /* Model */,
				3245B66A2010861D0011DC18 /* Info.plist */,
				32D7C42A201C7E1400919722 /* Controller */,
				32571EDC201F0CC1000B655F /* ItemCellTests.swift */,
			);
			path = TDDToDoTests;
			sourceTree = "<group>";
		};
		32A43663202052C80048003D /* Frameworks */ = {
			isa = PBXGroup;
			children = (
				32A43664202052C80048003D /* MapKit.framework */,
			);
			name = Frameworks;
			sourceTree = "<group>";
		};
		32D7C429201C7E0900919722 /* Controller */ = {
			isa = PBXGroup;
			children = (
				32456B252015D40A0014C446 /* ItemListViewController.swift */,
				3251522E2019BAF300935409 /* ItemListDataProvider.swift */,
				32D7C42B201C7E4000919722 /* ItemCell.swift */,
				32A4366120204D780048003D /* DetailViewController.swift */,
				32490FCF2021C07000A160C4 /* InputViewController.swift */,
			);
			path = Controller;
			sourceTree = "<group>";
		};
		32D7C42A201C7E1400919722 /* Controller */ = {
			isa = PBXGroup;
			children = (
				32456B232015D2E70014C446 /* ItemListViewControllerTests.swift */,
				3256D347201A4C09008AD91C /* ItemListDataProviderTests.swift */,
				32A4365F20204CC10048003D /* DetailViewControllerTests.swift */,
				3248B1A12021AB8B0098E0AF /* InputViewControllerTests.swift */,
			);
			path = Controller;
			sourceTree = "<group>";
		};
/* End PBXGroup section */

/* Begin PBXNativeTarget section */
		3245B64F2010861C0011DC18 /* TDDToDo */ = {
			isa = PBXNativeTarget;
			buildConfigurationList = 3245B66D2010861D0011DC18 /* Build configuration list for PBXNativeTarget "TDDToDo" */;
			buildPhases = (
				3245B64C2010861C0011DC18 /* Sources */,
				3245B64D2010861C0011DC18 /* Frameworks */,
				3245B64E2010861C0011DC18 /* Resources */,
			);
			buildRules = (
			);
			dependencies = (
			);
			name = TDDToDo;
			productName = TDDToDo;
			productReference = 3245B6502010861C0011DC18 /* TDDToDo.app */;
			productType = "com.apple.product-type.application";
		};
		3245B6632010861D0011DC18 /* TDDToDoTests */ = {
			isa = PBXNativeTarget;
			buildConfigurationList = 3245B6702010861D0011DC18 /* Build configuration list for PBXNativeTarget "TDDToDoTests" */;
			buildPhases = (
				3245B6602010861D0011DC18 /* Sources */,
				3245B6612010861D0011DC18 /* Frameworks */,
				3245B6622010861D0011DC18 /* Resources */,
			);
			buildRules = (
			);
			dependencies = (
				3245B6662010861D0011DC18 /* PBXTargetDependency */,
			);
			name = TDDToDoTests;
			productName = TDDToDoTests;
			productReference = 3245B6642010861D0011DC18 /* TDDToDoTests.xctest */;
			productType = "com.apple.product-type.bundle.unit-test";
		};
/* End PBXNativeTarget section */

/* Begin PBXProject section */
		3245B6482010861C0011DC18 /* Project object */ = {
			isa = PBXProject;
			attributes = {
				LastSwiftUpdateCheck = 0920;
				LastUpgradeCheck = 0920;
				ORGANIZATIONNAME = Daniel;
				TargetAttributes = {
					3245B64F2010861C0011DC18 = {
						CreatedOnToolsVersion = 9.2;
						ProvisioningStyle = Automatic;
						SystemCapabilities = {
							com.apple.Maps.iOS = {
								enabled = 1;
							};
						};
					};
					3245B6632010861D0011DC18 = {
						CreatedOnToolsVersion = 9.2;
						ProvisioningStyle = Automatic;
						TestTargetID = 3245B64F2010861C0011DC18;
					};
				};
			};
			buildConfigurationList = 3245B64B2010861C0011DC18 /* Build configuration list for PBXProject "TDDToDo" */;
			compatibilityVersion = "Xcode 8.0";
			developmentRegion = en;
			hasScannedForEncodings = 0;
			knownRegions = (
				en,
				Base,
			);
			mainGroup = 3245B6472010861C0011DC18;
			productRefGroup = 3245B6512010861C0011DC18 /* Products */;
			projectDirPath = "";
			projectRoot = "";
			targets = (
				3245B64F2010861C0011DC18 /* TDDToDo */,
				3245B6632010861D0011DC18 /* TDDToDoTests */,
			);
		};
/* End PBXProject section */

/* Begin PBXResourcesBuildPhase section */
		3245B64E2010861C0011DC18 /* Resources */ = {
			isa = PBXResourcesBuildPhase;
			buildActionMask = 2147483647;
			files = (
				3245B65E2010861D0011DC18 /* LaunchScreen.storyboard in Resources */,
				3245B65B2010861D0011DC18 /* Assets.xcassets in Resources */,
				3245B6592010861D0011DC18 /* Main.storyboard in Resources */,
			);
			runOnlyForDeploymentPostprocessing = 0;
		};
		3245B6622010861D0011DC18 /* Resources */ = {
			isa = PBXResourcesBuildPhase;
			buildActionMask = 2147483647;
			files = (
			);
			runOnlyForDeploymentPostprocessing = 0;
		};
/* End PBXResourcesBuildPhase section */

/* Begin PBXSourcesBuildPhase section */
		3245B64C2010861C0011DC18 /* Sources */ = {
			isa = PBXSourcesBuildPhase;
			buildActionMask = 2147483647;
			files = (
				32490FD02021C07000A160C4 /* InputViewController.swift in Sources */,
				3245B6562010861C0011DC18 /* ViewController.swift in Sources */,
				32D7C42D201C7E4000919722 /* ItemCell.swift in Sources */,
				32456B262015D40A0014C446 /* ItemListViewController.swift in Sources */,
				3245B6542010861C0011DC18 /* AppDelegate.swift in Sources */,
				321EC3242013578F0006D6EF /* CLLocationCoordinate2D+Equatable.swift in Sources */,
				321EC32220134D590006D6EF /* Location.swift in Sources */,
				3251522F2019BAF300935409 /* ItemListDataProvider.swift in Sources */,
				32A4366220204D780048003D /* DetailViewController.swift in Sources */,
				321EC32A201362160006D6EF /* ItemManager.swift in Sources */,
				324AD984201262690090F7B9 /* ToDoItem.swift in Sources */,
			);
			runOnlyForDeploymentPostprocessing = 0;
		};
		3245B6602010861D0011DC18 /* Sources */ = {
			isa = PBXSourcesBuildPhase;
			buildActionMask = 2147483647;
			files = (
				321EC32020134CC60006D6EF /* LocationTests.swift in Sources */,
				32456B242015D2E70014C446 /* ItemListViewControllerTests.swift in Sources */,
				321EC32620135BF00006D6EF /* CLLocationCoordinate2D+EquatableTests.swift in Sources */,
				321EC3282013613A0006D6EF /* ItemManagerTests.swift in Sources */,
				32571EDD201F0CC1000B655F /* ItemCellTests.swift in Sources */,
				3245B6692010861D0011DC18 /* ToDoItemTests.swift in Sources */,
				3248B1A22021AB8B0098E0AF /* InputViewControllerTests.swift in Sources */,
				3256D348201A4C09008AD91C /* ItemListDataProviderTests.swift in Sources */,
				32A4366020204CC10048003D /* DetailViewControllerTests.swift in Sources */,
			);
			runOnlyForDeploymentPostprocessing = 0;
		};
/* End PBXSourcesBuildPhase section */

/* Begin PBXTargetDependency section */
		3245B6662010861D0011DC18 /* PBXTargetDependency */ = {
			isa = PBXTargetDependency;
			target = 3245B64F2010861C0011DC18 /* TDDToDo */;
			targetProxy = 3245B6652010861D0011DC18 /* PBXContainerItemProxy */;
		};
/* End PBXTargetDependency section */

/* Begin PBXVariantGroup section */
		3245B6572010861D0011DC18 /* Main.storyboard */ = {
			isa = PBXVariantGroup;
			children = (
				3245B6582010861D0011DC18 /* Base */,
			);
			name = Main.storyboard;
			sourceTree = "<group>";
		};
		3245B65C2010861D0011DC18 /* LaunchScreen.storyboard */ = {
			isa = PBXVariantGroup;
			children = (
				3245B65D2010861D0011DC18 /* Base */,
			);
			name = LaunchScreen.storyboard;
			sourceTree = "<group>";
		};
/* End PBXVariantGroup section */

/* Begin XCBuildConfiguration section */
		3245B66B2010861D0011DC18 /* Debug */ = {
			isa = XCBuildConfiguration;
			buildSettings = {
				ALWAYS_SEARCH_USER_PATHS = NO;
				CLANG_ANALYZER_NONNULL = YES;
				CLANG_ANALYZER_NUMBER_OBJECT_CONVERSION = YES_AGGRESSIVE;
				CLANG_CXX_LANGUAGE_STANDARD = "gnu++14";
				CLANG_CXX_LIBRARY = "libc++";
				CLANG_ENABLE_MODULES = YES;
				CLANG_ENABLE_OBJC_ARC = YES;
				CLANG_WARN_BLOCK_CAPTURE_AUTORELEASING = YES;
				CLANG_WARN_BOOL_CONVERSION = YES;
				CLANG_WARN_COMMA = YES;
				CLANG_WARN_CONSTANT_CONVERSION = YES;
				CLANG_WARN_DIRECT_OBJC_ISA_USAGE = YES_ERROR;
				CLANG_WARN_DOCUMENTATION_COMMENTS = YES;
				CLANG_WARN_EMPTY_BODY = YES;
				CLANG_WARN_ENUM_CONVERSION = YES;
				CLANG_WARN_INFINITE_RECURSION = YES;
				CLANG_WARN_INT_CONVERSION = YES;
				CLANG_WARN_NON_LITERAL_NULL_CONVERSION = YES;
				CLANG_WARN_OBJC_LITERAL_CONVERSION = YES;
				CLANG_WARN_OBJC_ROOT_CLASS = YES_ERROR;
				CLANG_WARN_RANGE_LOOP_ANALYSIS = YES;
				CLANG_WARN_STRICT_PROTOTYPES = YES;
				CLANG_WARN_SUSPICIOUS_MOVE = YES;
				CLANG_WARN_UNGUARDED_AVAILABILITY = YES_AGGRESSIVE;
				CLANG_WARN_UNREACHABLE_CODE = YES;
				CLANG_WARN__DUPLICATE_METHOD_MATCH = YES;
				CODE_SIGN_IDENTITY = "iPhone Developer";
				COPY_PHASE_STRIP = NO;
				DEBUG_INFORMATION_FORMAT = dwarf;
				ENABLE_STRICT_OBJC_MSGSEND = YES;
				ENABLE_TESTABILITY = YES;
				GCC_C_LANGUAGE_STANDARD = gnu11;
				GCC_DYNAMIC_NO_PIC = NO;
				GCC_NO_COMMON_BLOCKS = YES;
				GCC_OPTIMIZATION_LEVEL = 0;
				GCC_PREPROCESSOR_DEFINITIONS = (
					"DEBUG=1",
					"$(inherited)",
				);
				GCC_WARN_64_TO_32_BIT_CONVERSION = YES;
				GCC_WARN_ABOUT_RETURN_TYPE = YES_ERROR;
				GCC_WARN_UNDECLARED_SELECTOR = YES;
				GCC_WARN_UNINITIALIZED_AUTOS = YES_AGGRESSIVE;
				GCC_WARN_UNUSED_FUNCTION = YES;
				GCC_WARN_UNUSED_VARIABLE = YES;
				IPHONEOS_DEPLOYMENT_TARGET = 11.2;
				MTL_ENABLE_DEBUG_INFO = YES;
				ONLY_ACTIVE_ARCH = YES;
				SDKROOT = iphoneos;
				SWIFT_ACTIVE_COMPILATION_CONDITIONS = DEBUG;
				SWIFT_OPTIMIZATION_LEVEL = "-Onone";
			};
			name = Debug;
		};
		3245B66C2010861D0011DC18 /* Release */ = {
			isa = XCBuildConfiguration;
			buildSettings = {
				ALWAYS_SEARCH_USER_PATHS = NO;
				CLANG_ANALYZER_NONNULL = YES;
				CLANG_ANALYZER_NUMBER_OBJECT_CONVERSION = YES_AGGRESSIVE;
				CLANG_CXX_LANGUAGE_STANDARD = "gnu++14";
				CLANG_CXX_LIBRARY = "libc++";
				CLANG_ENABLE_MODULES = YES;
				CLANG_ENABLE_OBJC_ARC = YES;
				CLANG_WARN_BLOCK_CAPTURE_AUTORELEASING = YES;
				CLANG_WARN_BOOL_CONVERSION = YES;
				CLANG_WARN_COMMA = YES;
				CLANG_WARN_CONSTANT_CONVERSION = YES;
				CLANG_WARN_DIRECT_OBJC_ISA_USAGE = YES_ERROR;
				CLANG_WARN_DOCUMENTATION_COMMENTS = YES;
				CLANG_WARN_EMPTY_BODY = YES;
				CLANG_WARN_ENUM_CONVERSION = YES;
				CLANG_WARN_INFINITE_RECURSION = YES;
				CLANG_WARN_INT_CONVERSION = YES;
				CLANG_WARN_NON_LITERAL_NULL_CONVERSION = YES;
				CLANG_WARN_OBJC_LITERAL_CONVERSION = YES;
				CLANG_WARN_OBJC_ROOT_CLASS = YES_ERROR;
				CLANG_WARN_RANGE_LOOP_ANALYSIS = YES;
				CLANG_WARN_STRICT_PROTOTYPES = YES;
				CLANG_WARN_SUSPICIOUS_MOVE = YES;
				CLANG_WARN_UNGUARDED_AVAILABILITY = YES_AGGRESSIVE;
				CLANG_WARN_UNREACHABLE_CODE = YES;
				CLANG_WARN__DUPLICATE_METHOD_MATCH = YES;
				CODE_SIGN_IDENTITY = "iPhone Developer";
				COPY_PHASE_STRIP = NO;
				DEBUG_INFORMATION_FORMAT = "dwarf-with-dsym";
				ENABLE_NS_ASSERTIONS = NO;
				ENABLE_STRICT_OBJC_MSGSEND = YES;
				GCC_C_LANGUAGE_STANDARD = gnu11;
				GCC_NO_COMMON_BLOCKS = YES;
				GCC_WARN_64_TO_32_BIT_CONVERSION = YES;
				GCC_WARN_ABOUT_RETURN_TYPE = YES_ERROR;
				GCC_WARN_UNDECLARED_SELECTOR = YES;
				GCC_WARN_UNINITIALIZED_AUTOS = YES_AGGRESSIVE;
				GCC_WARN_UNUSED_FUNCTION = YES;
				GCC_WARN_UNUSED_VARIABLE = YES;
				IPHONEOS_DEPLOYMENT_TARGET = 11.2;
				MTL_ENABLE_DEBUG_INFO = NO;
				SDKROOT = iphoneos;
				SWIFT_OPTIMIZATION_LEVEL = "-Owholemodule";
				VALIDATE_PRODUCT = YES;
			};
			name = Release;
		};
		3245B66E2010861D0011DC18 /* Debug */ = {
			isa = XCBuildConfiguration;
			buildSettings = {
				ASSETCATALOG_COMPILER_APPICON_NAME = AppIcon;
				CODE_SIGN_STYLE = Automatic;
				DEVELOPMENT_TEAM = F57YLL8TFF;
				INFOPLIST_FILE = TDDToDo/Info.plist;
				LD_RUNPATH_SEARCH_PATHS = "$(inherited) @executable_path/Frameworks";
				PRODUCT_BUNDLE_IDENTIFIER = pl.daniel.TDDToDo;
				PRODUCT_NAME = "$(TARGET_NAME)";
				SWIFT_VERSION = 4.0;
				TARGETED_DEVICE_FAMILY = "1,2";
			};
			name = Debug;
		};
		3245B66F2010861D0011DC18 /* Release */ = {
			isa = XCBuildConfiguration;
			buildSettings = {
				ASSETCATALOG_COMPILER_APPICON_NAME = AppIcon;
				CODE_SIGN_STYLE = Automatic;
				DEVELOPMENT_TEAM = F57YLL8TFF;
				INFOPLIST_FILE = TDDToDo/Info.plist;
				LD_RUNPATH_SEARCH_PATHS = "$(inherited) @executable_path/Frameworks";
				PRODUCT_BUNDLE_IDENTIFIER = pl.daniel.TDDToDo;
				PRODUCT_NAME = "$(TARGET_NAME)";
				SWIFT_VERSION = 4.0;
				TARGETED_DEVICE_FAMILY = "1,2";
			};
			name = Release;
		};
		3245B6712010861D0011DC18 /* Debug */ = {
			isa = XCBuildConfiguration;
			buildSettings = {
				ALWAYS_EMBED_SWIFT_STANDARD_LIBRARIES = YES;
				BUNDLE_LOADER = "$(TEST_HOST)";
				CODE_SIGN_STYLE = Automatic;
				DEVELOPMENT_TEAM = F57YLL8TFF;
				INFOPLIST_FILE = TDDToDoTests/Info.plist;
				LD_RUNPATH_SEARCH_PATHS = "$(inherited) @executable_path/Frameworks @loader_path/Frameworks";
				PRODUCT_BUNDLE_IDENTIFIER = pl.daniel.TDDToDoTests;
				PRODUCT_NAME = "$(TARGET_NAME)";
				SWIFT_VERSION = 4.0;
				TARGETED_DEVICE_FAMILY = "1,2";
				TEST_HOST = "$(BUILT_PRODUCTS_DIR)/TDDToDo.app/TDDToDo";
			};
			name = Debug;
		};
		3245B6722010861D0011DC18 /* Release */ = {
			isa = XCBuildConfiguration;
			buildSettings = {
				ALWAYS_EMBED_SWIFT_STANDARD_LIBRARIES = YES;
				BUNDLE_LOADER = "$(TEST_HOST)";
				CODE_SIGN_STYLE = Automatic;
				DEVELOPMENT_TEAM = F57YLL8TFF;
				INFOPLIST_FILE = TDDToDoTests/Info.plist;
				LD_RUNPATH_SEARCH_PATHS = "$(inherited) @executable_path/Frameworks @loader_path/Frameworks";
				PRODUCT_BUNDLE_IDENTIFIER = pl.daniel.TDDToDoTests;
				PRODUCT_NAME = "$(TARGET_NAME)";
				SWIFT_VERSION = 4.0;
				TARGETED_DEVICE_FAMILY = "1,2";
				TEST_HOST = "$(BUILT_PRODUCTS_DIR)/TDDToDo.app/TDDToDo";
			};
			name = Release;
		};
/* End XCBuildConfiguration section */

/* Begin XCConfigurationList section */
		3245B64B2010861C0011DC18 /* Build configuration list for PBXProject "TDDToDo" */ = {
			isa = XCConfigurationList;
			buildConfigurations = (
				3245B66B2010861D0011DC18 /* Debug */,
				3245B66C2010861D0011DC18 /* Release */,
			);
			defaultConfigurationIsVisible = 0;
			defaultConfigurationName = Release;
		};
		3245B66D2010861D0011DC18 /* Build configuration list for PBXNativeTarget "TDDToDo" */ = {
			isa = XCConfigurationList;
			buildConfigurations = (
				3245B66E2010861D0011DC18 /* Debug */,
				3245B66F2010861D0011DC18 /* Release */,
			);
			defaultConfigurationIsVisible = 0;
			defaultConfigurationName = Release;
		};
		3245B6702010861D0011DC18 /* Build configuration list for PBXNativeTarget "TDDToDoTests" */ = {
			isa = XCConfigurationList;
			buildConfigurations = (
				3245B6712010861D0011DC18 /* Debug */,
				3245B6722010861D0011DC18 /* Release */,
			);
			defaultConfigurationIsVisible = 0;
			defaultConfigurationName = Release;
		};
/* End XCConfigurationList section */
	};
	rootObject = 3245B6482010861C0011DC18 /* Project object */;
}
